
Microsoft Visual Studio Solution File, Format Version 12.00
# Visual Studio Version 17
VisualStudioVersion = 17.10.35013.160
MinimumVisualStudioVersion = 10.0.40219.1
Project("{9A19103F-16F7-4668-BE54-9A1E7A4F7556}") = "TXC.JSCompiler", "TXC.JSCompiler.csproj", "{DB3265D4-AAC5-4DA4-B6EF-6D8C181ECCE3}"
EndProject
Global
	GlobalSection(SolutionConfigurationPlatforms) = preSolution
		Debug|Any CPU = Debug|Any CPU
		Release|Any CPU = Release|Any CPU
	EndGlobalSection
	GlobalSection(ProjectConfigurationPlatforms) = postSolution
		{DB3265D4-AAC5-4DA4-B6EF-6D8C181ECCE3}.Debug|Any CPU.ActiveCfg = Debug|Any CPU
		{DB3265D4-AAC5-4DA4-B6EF-6D8C181ECCE3}.Debug|Any CPU.Build.0 = Debug|Any CPU
		{DB3265D4-AAC5-4DA4-B6EF-6D8C181ECCE3}.Release|Any CPU.ActiveCfg = Release|Any CPU
		{DB3265D4-AAC5-4DA4-B6EF-6D8C181ECCE3}.Release|Any CPU.Build.0 = Release|Any CPU
	EndGlobalSection
	GlobalSection(SolutionProperties) = preSolution
		HideSolutionNode = FALSE
	EndGlobalSection
	GlobalSection(ExtensibilityGlobals) = postSolution
		SolutionGuid = {A6BA3006-D823-405F-9361-B72D9138A01E}
	EndGlobalSection
EndGlobal
